
Microsoft Visual Studio Solution File, Format Version 12.00
Project("{FAE04EC0-301F-11D3-BF4B-00C04F79EFBC}") = "Altium.Algo", "Altium.Algo\Altium.Algo.csproj", "{F41F5387-54F2-42BC-8F24-E24A5A6E7448}"
EndProject
Project("{FAE04EC0-301F-11D3-BF4B-00C04F79EFBC}") = "Altium.Tests", "Altium.Tests\Altium.Tests.csproj", "{C04CAB74-20B3-47F5-AB96-DFB2570FF115}"
EndProject
Project("{FAE04EC0-301F-11D3-BF4B-00C04F79EFBC}") = "Altium.Runner", "Altium.Runner\Altium.Runner.csproj", "{711785D8-F599-4525-AC3F-19F1AE1BD54F}"
EndProject
Global
	GlobalSection(SolutionConfigurationPlatforms) = preSolution
		Debug|Any CPU = Debug|Any CPU
		Release|Any CPU = Release|Any CPU
	EndGlobalSection
	GlobalSection(ProjectConfigurationPlatforms) = postSolution
		{F41F5387-54F2-42BC-8F24-E24A5A6E7448}.Debug|Any CPU.ActiveCfg = Debug|Any CPU
		{F41F5387-54F2-42BC-8F24-E24A5A6E7448}.Debug|Any CPU.Build.0 = Debug|Any CPU
		{F41F5387-54F2-42BC-8F24-E24A5A6E7448}.Release|Any CPU.ActiveCfg = Release|Any CPU
		{F41F5387-54F2-42BC-8F24-E24A5A6E7448}.Release|Any CPU.Build.0 = Release|Any CPU
		{C04CAB74-20B3-47F5-AB96-DFB2570FF115}.Debug|Any CPU.ActiveCfg = Debug|Any CPU
		{C04CAB74-20B3-47F5-AB96-DFB2570FF115}.Debug|Any CPU.Build.0 = Debug|Any CPU
		{C04CAB74-20B3-47F5-AB96-DFB2570FF115}.Release|Any CPU.ActiveCfg = Release|Any CPU
		{C04CAB74-20B3-47F5-AB96-DFB2570FF115}.Release|Any CPU.Build.0 = Release|Any CPU
		{711785D8-F599-4525-AC3F-19F1AE1BD54F}.Debug|Any CPU.ActiveCfg = Debug|Any CPU
		{711785D8-F599-4525-AC3F-19F1AE1BD54F}.Debug|Any CPU.Build.0 = Debug|Any CPU
		{711785D8-F599-4525-AC3F-19F1AE1BD54F}.Release|Any CPU.ActiveCfg = Release|Any CPU
		{711785D8-F599-4525-AC3F-19F1AE1BD54F}.Release|Any CPU.Build.0 = Release|Any CPU
	EndGlobalSection
EndGlobal
